
Microsoft Visual Studio Solution File, Format Version 12.00
# Visual Studio 15
VisualStudioVersion = 15.0.27004.2010
MinimumVisualStudioVersion = 10.0.40219.1
Project("{888888A0-9F3D-457C-B088-3A5042F75D52}") = "DAQtest", "DAQtest\DAQtest.pyproj", "{37080E5B-D1AD-4DE2-85FE-FD55222325FE}"
EndProject
Global
	GlobalSection(SolutionConfigurationPlatforms) = preSolution
		Debug|Any CPU = Debug|Any CPU
		Release|Any CPU = Release|Any CPU
	EndGlobalSection
	GlobalSection(ProjectConfigurationPlatforms) = postSolution
		{37080E5B-D1AD-4DE2-85FE-FD55222325FE}.Debug|Any CPU.ActiveCfg = Debug|Any CPU
		{37080E5B-D1AD-4DE2-85FE-FD55222325FE}.Release|Any CPU.ActiveCfg = Release|Any CPU
	EndGlobalSection
	GlobalSection(SolutionProperties) = preSolution
		HideSolutionNode = FALSE
	EndGlobalSection
	GlobalSection(ExtensibilityGlobals) = postSolution
		SolutionGuid = {7C5E1970-63CF-4281-97BD-80F145141EE2}
	EndGlobalSection
EndGlobal
